
Microsoft Visual Studio Solution File, Format Version 12.00
Project("{FAE04EC0-301F-11D3-BF4B-00C04F79EFBC}") = "WestServiceIf.API", "WestServiceIf.API\WestServiceIf.API.csproj", "{2B71494C-0E4F-4F07-AFDD-77CB190B4737}"
EndProject
Global
	GlobalSection(SolutionConfigurationPlatforms) = preSolution
		Debug|Any CPU = Debug|Any CPU
		Release|Any CPU = Release|Any CPU
	EndGlobalSection
	GlobalSection(ProjectConfigurationPlatforms) = postSolution
		{2B71494C-0E4F-4F07-AFDD-77CB190B4737}.Debug|Any CPU.ActiveCfg = Debug|Any CPU
		{2B71494C-0E4F-4F07-AFDD-77CB190B4737}.Debug|Any CPU.Build.0 = Debug|Any CPU
		{2B71494C-0E4F-4F07-AFDD-77CB190B4737}.Release|Any CPU.ActiveCfg = Release|Any CPU
		{2B71494C-0E4F-4F07-AFDD-77CB190B4737}.Release|Any CPU.Build.0 = Release|Any CPU
	EndGlobalSection
EndGlobal
